// !$*UTF8*$!
{
	archiveVersion = 1;
	classes = {
	};
	objectVersion = 50;
	objects = {

/* Begin PBXBuildFile section */
		C22BD2C025A1F759000D654D /* IDOTPTextField.h in Headers */ = {isa = PBXBuildFile; fileRef = C22BD2BE25A1F759000D654D /* IDOTPTextField.h */; settings = {ATTRIBUTES = (Public, ); }; };
		C22BD2D225A1FA14000D654D /* IDOTPLabelProtocol.swift in Sources */ = {isa = PBXBuildFile; fileRef = C22BD2D125A1FA14000D654D /* IDOTPLabelProtocol.swift */; };
		C22BD2D525A1FA45000D654D /* IDOTPTextField.swift in Sources */ = {isa = PBXBuildFile; fileRef = C22BD2D425A1FA45000D654D /* IDOTPTextField.swift */; };
		C22BD2DB25A1FDD4000D654D /* IDOTPInitialTextFieldLabel.swift in Sources */ = {isa = PBXBuildFile; fileRef = C22BD2DA25A1FDD4000D654D /* IDOTPInitialTextFieldLabel.swift */; };
		C22BD2DE25A1FDFF000D654D /* IDOTPInitialTextField.swift in Sources */ = {isa = PBXBuildFile; fileRef = C22BD2DD25A1FDFF000D654D /* IDOTPInitialTextField.swift */; };
		C22BD2E225A20213000D654D /* IDOTPTextFieldWithOverridenDelegate.swift in Sources */ = {isa = PBXBuildFile; fileRef = C22BD2E125A20213000D654D /* IDOTPTextFieldWithOverridenDelegate.swift */; };
/* End PBXBuildFile section */

/* Begin PBXFileReference section */
		C22BD2BB25A1F759000D654D /* IDOTPTextField.framework */ = {isa = PBXFileReference; explicitFileType = wrapper.framework; includeInIndex = 0; path = IDOTPTextField.framework; sourceTree = BUILT_PRODUCTS_DIR; };
		C22BD2BE25A1F759000D654D /* IDOTPTextField.h */ = {isa = PBXFileReference; lastKnownFileType = sourcecode.c.h; path = IDOTPTextField.h; sourceTree = "<group>"; };
		C22BD2BF25A1F759000D654D /* Info.plist */ = {isa = PBXFileReference; lastKnownFileType = text.plist.xml; path = Info.plist; sourceTree = "<group>"; };
		C22BD2D125A1FA14000D654D /* IDOTPLabelProtocol.swift */ = {isa = PBXFileReference; lastKnownFileType = sourcecode.swift; path = IDOTPLabelProtocol.swift; sourceTree = "<group>"; };
		C22BD2D425A1FA45000D654D /* IDOTPTextField.swift */ = {isa = PBXFileReference; lastKnownFileType = sourcecode.swift; path = IDOTPTextField.swift; sourceTree = "<group>"; };
		C22BD2DA25A1FDD4000D654D /* IDOTPInitialTextFieldLabel.swift */ = {isa = PBXFileReference; lastKnownFileType = sourcecode.swift; path = IDOTPInitialTextFieldLabel.swift; sourceTree = "<group>"; };
		C22BD2DD25A1FDFF000D654D /* IDOTPInitialTextField.swift */ = {isa = PBXFileReference; lastKnownFileType = sourcecode.swift; path = IDOTPInitialTextField.swift; sourceTree = "<group>"; };
		C22BD2E125A20213000D654D /* IDOTPTextFieldWithOverridenDelegate.swift */ = {isa = PBXFileReference; lastKnownFileType = sourcecode.swift; path = IDOTPTextFieldWithOverridenDelegate.swift; sourceTree = "<group>"; };
/* End PBXFileReference section */

/* Begin PBXFrameworksBuildPhase section */
		C22BD2B825A1F759000D654D /* Frameworks */ = {
			isa = PBXFrameworksBuildPhase;
			buildActionMask = 2147483647;
			files = (
			);
			runOnlyForDeploymentPostprocessing = 0;
		};
/* End PBXFrameworksBuildPhase section */

/* Begin PBXGroup section */
		C22BD2B125A1F758000D654D = {
			isa = PBXGroup;
			children = (
				C22BD2C725A1F760000D654D /* Sources */,
				C22BD2BC25A1F759000D654D /* Products */,
			);
			sourceTree = "<group>";
		};
		C22BD2BC25A1F759000D654D /* Products */ = {
			isa = PBXGroup;
			children = (
				C22BD2BB25A1F759000D654D /* IDOTPTextField.framework */,
			);
			name = Products;
			sourceTree = "<group>";
		};
		C22BD2C725A1F760000D654D /* Sources */ = {
			isa = PBXGroup;
			children = (
				C22BD2E525A20371000D654D /* InitialImplementation */,
				C22BD2E125A20213000D654D /* IDOTPTextFieldWithOverridenDelegate.swift */,
				C22BD2BE25A1F759000D654D /* IDOTPTextField.h */,
				C22BD2BF25A1F759000D654D /* Info.plist */,
			);
			path = Sources;
			sourceTree = "<group>";
		};
		C22BD2E525A20371000D654D /* InitialImplementation */ = {
			isa = PBXGroup;
			children = (
				C22BD2D125A1FA14000D654D /* IDOTPLabelProtocol.swift */,
				C22BD2D425A1FA45000D654D /* IDOTPTextField.swift */,
				C22BD2DA25A1FDD4000D654D /* IDOTPInitialTextFieldLabel.swift */,
				C22BD2DD25A1FDFF000D654D /* IDOTPInitialTextField.swift */,
			);
			path = InitialImplementation;
			sourceTree = "<group>";
		};
/* End PBXGroup section */

/* Begin PBXHeadersBuildPhase section */
		C22BD2B625A1F759000D654D /* Headers */ = {
			isa = PBXHeadersBuildPhase;
			buildActionMask = 2147483647;
			files = (
				C22BD2C025A1F759000D654D /* IDOTPTextField.h in Headers */,
			);
			runOnlyForDeploymentPostprocessing = 0;
		};
/* End PBXHeadersBuildPhase section */

/* Begin PBXNativeTarget section */
		C22BD2BA25A1F759000D654D /* IDOTPTextField */ = {
			isa = PBXNativeTarget;
			buildConfigurationList = C22BD2C325A1F759000D654D /* Build configuration list for PBXNativeTarget "IDOTPTextField" */;
			buildPhases = (
				C22BD2B625A1F759000D654D /* Headers */,
				C22BD2B725A1F759000D654D /* Sources */,
				C22BD2B825A1F759000D654D /* Frameworks */,
				C22BD2B925A1F759000D654D /* Resources */,
			);
			buildRules = (
			);
			dependencies = (
			);
			name = IDOTPTextField;
			productName = IDOTPTextField;
			productReference = C22BD2BB25A1F759000D654D /* IDOTPTextField.framework */;
			productType = "com.apple.product-type.framework";
		};
/* End PBXNativeTarget section */

/* Begin PBXProject section */
		C22BD2B225A1F758000D654D /* Project object */ = {
			isa = PBXProject;
			attributes = {
				LastUpgradeCheck = 1220;
				TargetAttributes = {
					C22BD2BA25A1F759000D654D = {
						CreatedOnToolsVersion = 12.2;
						LastSwiftMigration = 1220;
					};
				};
			};
			buildConfigurationList = C22BD2B525A1F758000D654D /* Build configuration list for PBXProject "IDOTPTextField" */;
			compatibilityVersion = "Xcode 9.3";
			developmentRegion = en;
			hasScannedForEncodings = 0;
			knownRegions = (
				en,
				Base,
			);
			mainGroup = C22BD2B125A1F758000D654D;
			productRefGroup = C22BD2BC25A1F759000D654D /* Products */;
			projectDirPath = "";
			projectRoot = "";
			targets = (
				C22BD2BA25A1F759000D654D /* IDOTPTextField */,
			);
		};
/* End PBXProject section */

/* Begin PBXResourcesBuildPhase section */
		C22BD2B925A1F759000D654D /* Resources */ = {
			isa = PBXResourcesBuildPhase;
			buildActionMask = 2147483647;
			files = (
			);
			runOnlyForDeploymentPostprocessing = 0;
		};
/* End PBXResourcesBuildPhase section */

/* Begin PBXSourcesBuildPhase section */
		C22BD2B725A1F759000D654D /* Sources */ = {
			isa = PBXSourcesBuildPhase;
			buildActionMask = 2147483647;
			files = (
				C22BD2DB25A1FDD4000D654D /* IDOTPInitialTextFieldLabel.swift in Sources */,
				C22BD2D525A1FA45000D654D /* IDOTPTextField.swift in Sources */,
				C22BD2DE25A1FDFF000D654D /* IDOTPInitialTextField.swift in Sources */,
				C22BD2D225A1FA14000D654D /* IDOTPLabelProtocol.swift in Sources */,
				C22BD2E225A20213000D654D /* IDOTPTextFieldWithOverridenDelegate.swift in Sources */,
			);
			runOnlyForDeploymentPostprocessing = 0;
		};
/* End PBXSourcesBuildPhase section */

/* Begin XCBuildConfiguration section */
		C22BD2C125A1F759000D654D /* Debug */ = {
			isa = XCBuildConfiguration;
			buildSettings = {
				ALWAYS_SEARCH_USER_PATHS = NO;
				CLANG_ANALYZER_NONNULL = YES;
				CLANG_ANALYZER_NUMBER_OBJECT_CONVERSION = YES_AGGRESSIVE;
				CLANG_CXX_LANGUAGE_STANDARD = "gnu++14";
				CLANG_CXX_LIBRARY = "libc++";
				CLANG_ENABLE_MODULES = YES;
				CLANG_ENABLE_OBJC_ARC = YES;
				CLANG_ENABLE_OBJC_WEAK = YES;
				CLANG_WARN_BLOCK_CAPTURE_AUTORELEASING = YES;
				CLANG_WARN_BOOL_CONVERSION = YES;
				CLANG_WARN_COMMA = YES;
				CLANG_WARN_CONSTANT_CONVERSION = YES;
				CLANG_WARN_DEPRECATED_OBJC_IMPLEMENTATIONS = YES;
				CLANG_WARN_DIRECT_OBJC_ISA_USAGE = YES_ERROR;
				CLANG_WARN_DOCUMENTATION_COMMENTS = YES;
				CLANG_WARN_EMPTY_BODY = YES;
				CLANG_WARN_ENUM_CONVERSION = YES;
				CLANG_WARN_INFINITE_RECURSION = YES;
				CLANG_WARN_INT_CONVERSION = YES;
				CLANG_WARN_NON_LITERAL_NULL_CONVERSION = YES;
				CLANG_WARN_OBJC_IMPLICIT_RETAIN_SELF = YES;
				CLANG_WARN_OBJC_LITERAL_CONVERSION = YES;
				CLANG_WARN_OBJC_ROOT_CLASS = YES_ERROR;
				CLANG_WARN_QUOTED_INCLUDE_IN_FRAMEWORK_HEADER = YES;
				CLANG_WARN_RANGE_LOOP_ANALYSIS = YES;
				CLANG_WARN_STRICT_PROTOTYPES = YES;
				CLANG_WARN_SUSPICIOUS_MOVE = YES;
				CLANG_WARN_UNGUARDED_AVAILABILITY = YES_AGGRESSIVE;
				CLANG_WARN_UNREACHABLE_CODE = YES;
				CLANG_WARN__DUPLICATE_METHOD_MATCH = YES;
				COPY_PHASE_STRIP = NO;
				CURRENT_PROJECT_VERSION = 1;
				DEBUG_INFORMATION_FORMAT = dwarf;
				ENABLE_STRICT_OBJC_MSGSEND = YES;
				ENABLE_TESTABILITY = YES;
				GCC_C_LANGUAGE_STANDARD = gnu11;
				GCC_DYNAMIC_NO_PIC = NO;
				GCC_NO_COMMON_BLOCKS = YES;
				GCC_OPTIMIZATION_LEVEL = 0;
				GCC_PREPROCESSOR_DEFINITIONS = (
					"DEBUG=1",
					"$(inherited)",
				);
				GCC_WARN_64_TO_32_BIT_CONVERSION = YES;
				GCC_WARN_ABOUT_RETURN_TYPE = YES_ERROR;
				GCC_WARN_UNDECLARED_SELECTOR = YES;
				GCC_WARN_UNINITIALIZED_AUTOS = YES_AGGRESSIVE;
				GCC_WARN_UNUSED_FUNCTION = YES;
				GCC_WARN_UNUSED_VARIABLE = YES;
				IPHONEOS_DEPLOYMENT_TARGET = 12.0;
				MTL_ENABLE_DEBUG_INFO = INCLUDE_SOURCE;
				MTL_FAST_MATH = YES;
				ONLY_ACTIVE_ARCH = YES;
				SDKROOT = iphoneos;
				SWIFT_ACTIVE_COMPILATION_CONDITIONS = DEBUG;
				SWIFT_OPTIMIZATION_LEVEL = "-Onone";
				VERSIONING_SYSTEM = "apple-generic";
				VERSION_INFO_PREFIX = "";
			};
			name = Debug;
		};
		C22BD2C225A1F759000D654D /* Release */ = {
			isa = XCBuildConfiguration;
			buildSettings = {
				ALWAYS_SEARCH_USER_PATHS = NO;
				CLANG_ANALYZER_NONNULL = YES;
				CLANG_ANALYZER_NUMBER_OBJECT_CONVERSION = YES_AGGRESSIVE;
				CLANG_CXX_LANGUAGE_STANDARD = "gnu++14";
				CLANG_CXX_LIBRARY = "libc++";
				CLANG_ENABLE_MODULES = YES;
				CLANG_ENABLE_OBJC_ARC = YES;
				CLANG_ENABLE_OBJC_WEAK = YES;
				CLANG_WARN_BLOCK_CAPTURE_AUTORELEASING = YES;
				CLANG_WARN_BOOL_CONVERSION = YES;
				CLANG_WARN_COMMA = YES;
				CLANG_WARN_CONSTANT_CONVERSION = YES;
				CLANG_WARN_DEPRECATED_OBJC_IMPLEMENTATIONS = YES;
				CLANG_WARN_DIRECT_OBJC_ISA_USAGE = YES_ERROR;
				CLANG_WARN_DOCUMENTATION_COMMENTS = YES;
				CLANG_WARN_EMPTY_BODY = YES;
				CLANG_WARN_ENUM_CONVERSION = YES;
				CLANG_WARN_INFINITE_RECURSION = YES;
				CLANG_WARN_INT_CONVERSION = YES;
				CLANG_WARN_NON_LITERAL_NULL_CONVERSION = YES;
				CLANG_WARN_OBJC_IMPLICIT_RETAIN_SELF = YES;
				CLANG_WARN_OBJC_LITERAL_CONVERSION = YES;
				CLANG_WARN_OBJC_ROOT_CLASS = YES_ERROR;
				CLANG_WARN_QUOTED_INCLUDE_IN_FRAMEWORK_HEADER = YES;
				CLANG_WARN_RANGE_LOOP_ANALYSIS = YES;
				CLANG_WARN_STRICT_PROTOTYPES = YES;
				CLANG_WARN_SUSPICIOUS_MOVE = YES;
				CLANG_WARN_UNGUARDED_AVAILABILITY = YES_AGGRESSIVE;
				CLANG_WARN_UNREACHABLE_CODE = YES;
				CLANG_WARN__DUPLICATE_METHOD_MATCH = YES;
				COPY_PHASE_STRIP = NO;
				CURRENT_PROJECT_VERSION = 1;
				DEBUG_INFORMATION_FORMAT = "dwarf-with-dsym";
				ENABLE_NS_ASSERTIONS = NO;
				ENABLE_STRICT_OBJC_MSGSEND = YES;
				GCC_C_LANGUAGE_STANDARD = gnu11;
				GCC_NO_COMMON_BLOCKS = YES;
				GCC_WARN_64_TO_32_BIT_CONVERSION = YES;
				GCC_WARN_ABOUT_RETURN_TYPE = YES_ERROR;
				GCC_WARN_UNDECLARED_SELECTOR = YES;
				GCC_WARN_UNINITIALIZED_AUTOS = YES_AGGRESSIVE;
				GCC_WARN_UNUSED_FUNCTION = YES;
				GCC_WARN_UNUSED_VARIABLE = YES;
				IPHONEOS_DEPLOYMENT_TARGET = 12.0;
				MTL_ENABLE_DEBUG_INFO = NO;
				MTL_FAST_MATH = YES;
				SDKROOT = iphoneos;
				SWIFT_COMPILATION_MODE = wholemodule;
				SWIFT_OPTIMIZATION_LEVEL = "-O";
				VALIDATE_PRODUCT = YES;
				VERSIONING_SYSTEM = "apple-generic";
				VERSION_INFO_PREFIX = "";
			};
			name = Release;
		};
		C22BD2C425A1F759000D654D /* Debug */ = {
			isa = XCBuildConfiguration;
			buildSettings = {
				CLANG_ENABLE_MODULES = YES;
				CODE_SIGN_STYLE = Automatic;
				DEFINES_MODULE = YES;
				DEVELOPMENT_TEAM = A46C2G8GT3;
				DYLIB_COMPATIBILITY_VERSION = 1;
				DYLIB_CURRENT_VERSION = 1;
				DYLIB_INSTALL_NAME_BASE = "@rpath";
				INFOPLIST_FILE = Sources/Info.plist;
				INSTALL_PATH = "$(LOCAL_LIBRARY_DIR)/Frameworks";
				IPHONEOS_DEPLOYMENT_TARGET = 12.0;
				"IPHONEOS_DEPLOYMENT_TARGET[sdk=macosx*]" = 13.1;
				LD_RUNPATH_SEARCH_PATHS = (
					"$(inherited)",
					"@executable_path/Frameworks",
					"@loader_path/Frameworks",
				);
				PRODUCT_BUNDLE_IDENTIFIER = ireldev.IDOTPTextField;
				PRODUCT_NAME = "$(TARGET_NAME:c99extidentifier)";
				SKIP_INSTALL = YES;
				SWIFT_OPTIMIZATION_LEVEL = "-Onone";
				SWIFT_VERSION = 5.0;
				TARGETED_DEVICE_FAMILY = "1,2";
			};
			name = Debug;
		};
		C22BD2C525A1F759000D654D /* Release */ = {
			isa = XCBuildConfiguration;
			buildSettings = {
				CLANG_ENABLE_MODULES = YES;
				CODE_SIGN_STYLE = Automatic;
				DEFINES_MODULE = YES;
				DEVELOPMENT_TEAM = A46C2G8GT3;
				DYLIB_COMPATIBILITY_VERSION = 1;
				DYLIB_CURRENT_VERSION = 1;
				DYLIB_INSTALL_NAME_BASE = "@rpath";
				INFOPLIST_FILE = Sources/Info.plist;
				INSTALL_PATH = "$(LOCAL_LIBRARY_DIR)/Frameworks";
				IPHONEOS_DEPLOYMENT_TARGET = 12.0;
				"IPHONEOS_DEPLOYMENT_TARGET[sdk=macosx*]" = 13.1;
				LD_RUNPATH_SEARCH_PATHS = (
					"$(inherited)",
					"@executable_path/Frameworks",
					"@loader_path/Frameworks",
				);
				PRODUCT_BUNDLE_IDENTIFIER = ireldev.IDOTPTextField;
				PRODUCT_NAME = "$(TARGET_NAME:c99extidentifier)";
				SKIP_INSTALL = YES;
				SWIFT_VERSION = 5.0;
				TARGETED_DEVICE_FAMILY = "1,2";
			};
			name = Release;
		};
/* End XCBuildConfiguration section */

/* Begin XCConfigurationList section */
		C22BD2B525A1F758000D654D /* Build configuration list for PBXProject "IDOTPTextField" */ = {
			isa = XCConfigurationList;
			buildConfigurations = (
				C22BD2C125A1F759000D654D /* Debug */,
				C22BD2C225A1F759000D654D /* Release */,
			);
			defaultConfigurationIsVisible = 0;
			defaultConfigurationName = Release;
		};
		C22BD2C325A1F759000D654D /* Build configuration list for PBXNativeTarget "IDOTPTextField" */ = {
			isa = XCConfigurationList;
			buildConfigurations = (
				C22BD2C425A1F759000D654D /* Debug */,
				C22BD2C525A1F759000D654D /* Release */,
			);
			defaultConfigurationIsVisible = 0;
			defaultConfigurationName = Release;
		};
/* End XCConfigurationList section */
	};
	rootObject = C22BD2B225A1F758000D654D /* Project object */;
}
